
Microsoft Visual Studio Solution File, Format Version 12.00
# Visual Studio Version 17
VisualStudioVersion = 17.13.35825.156 d17.13
MinimumVisualStudioVersion = 10.0.40219.1
Project("{FAE04EC0-301F-11D3-BF4B-00C04F79EFBC}") = "Tutorial4Ex3", "Tutorial4Ex3\Tutorial4Ex3.csproj", "{21D2F3BB-5B4A-4E36-93CF-A524D8C58EBE}"
EndProject
Global
	GlobalSection(SolutionConfigurationPlatforms) = preSolution
		Debug|Any CPU = Debug|Any CPU
		Release|Any CPU = Release|Any CPU
	EndGlobalSection
	GlobalSection(ProjectConfigurationPlatforms) = postSolution
		{21D2F3BB-5B4A-4E36-93CF-A524D8C58EBE}.Debug|Any CPU.ActiveCfg = Debug|Any CPU
		{21D2F3BB-5B4A-4E36-93CF-A524D8C58EBE}.Debug|Any CPU.Build.0 = Debug|Any CPU
		{21D2F3BB-5B4A-4E36-93CF-A524D8C58EBE}.Release|Any CPU.ActiveCfg = Release|Any CPU
		{21D2F3BB-5B4A-4E36-93CF-A524D8C58EBE}.Release|Any CPU.Build.0 = Release|Any CPU
	EndGlobalSection
	GlobalSection(SolutionProperties) = preSolution
		HideSolutionNode = FALSE
	EndGlobalSection
	GlobalSection(ExtensibilityGlobals) = postSolution
		SolutionGuid = {55BD5B6E-5AAF-44E3-A953-26785E3DAE2C}
	EndGlobalSection
EndGlobal
